// !$*UTF8*$!
{
	archiveVersion = 1;
	classes = {
	};
	objectVersion = 46;
	objects = {

/* Begin PBXBuildFile section */
		945651B71D89617D00617F48 /* AppDelegate.swift in Sources */ = {isa = PBXBuildFile; fileRef = 945651B61D89617D00617F48 /* AppDelegate.swift */; };
		945651B91D89617D00617F48 /* ViewController.swift in Sources */ = {isa = PBXBuildFile; fileRef = 945651B81D89617D00617F48 /* ViewController.swift */; };
		945651BC1D89617D00617F48 /* Main.storyboard in Resources */ = {isa = PBXBuildFile; fileRef = 945651BA1D89617D00617F48 /* Main.storyboard */; };
		945651BE1D89617D00617F48 /* Assets.xcassets in Resources */ = {isa = PBXBuildFile; fileRef = 945651BD1D89617D00617F48 /* Assets.xcassets */; };
		945651C11D89617D00617F48 /* LaunchScreen.storyboard in Resources */ = {isa = PBXBuildFile; fileRef = 945651BF1D89617D00617F48 /* LaunchScreen.storyboard */; };
		945651CC1D89617D00617F48 /* Shake_ItTests.swift in Sources */ = {isa = PBXBuildFile; fileRef = 945651CB1D89617D00617F48 /* Shake_ItTests.swift */; };
		945651D71D89617D00617F48 /* Shake_ItUITests.swift in Sources */ = {isa = PBXBuildFile; fileRef = 945651D61D89617D00617F48 /* Shake_ItUITests.swift */; };
		945651EC1D89723D00617F48 /* sound1.mp3 in Resources */ = {isa = PBXBuildFile; fileRef = 945651E51D89723D00617F48 /* sound1.mp3 */; };
		945651ED1D89723D00617F48 /* sound2.mp3 in Resources */ = {isa = PBXBuildFile; fileRef = 945651E61D89723D00617F48 /* sound2.mp3 */; };
		945651EE1D89723D00617F48 /* sound3.mp3 in Resources */ = {isa = PBXBuildFile; fileRef = 945651E71D89723D00617F48 /* sound3.mp3 */; };
		945651EF1D89723D00617F48 /* sound4.mp3 in Resources */ = {isa = PBXBuildFile; fileRef = 945651E81D89723D00617F48 /* sound4.mp3 */; };
		945651F01D89723D00617F48 /* sound5.mp3 in Resources */ = {isa = PBXBuildFile; fileRef = 945651E91D89723D00617F48 /* sound5.mp3 */; };
		945651F11D89723D00617F48 /* sound6.mp3 in Resources */ = {isa = PBXBuildFile; fileRef = 945651EA1D89723D00617F48 /* sound6.mp3 */; };
		945651F21D89723D00617F48 /* sound7.mp3 in Resources */ = {isa = PBXBuildFile; fileRef = 945651EB1D89723D00617F48 /* sound7.mp3 */; };
/* End PBXBuildFile section */

/* Begin PBXContainerItemProxy section */
		945651C81D89617D00617F48 /* PBXContainerItemProxy */ = {
			isa = PBXContainerItemProxy;
			containerPortal = 945651AB1D89617C00617F48 /* Project object */;
			proxyType = 1;
			remoteGlobalIDString = 945651B21D89617C00617F48;
			remoteInfo = "Shake It";
		};
		945651D31D89617D00617F48 /* PBXContainerItemProxy */ = {
			isa = PBXContainerItemProxy;
			containerPortal = 945651AB1D89617C00617F48 /* Project object */;
			proxyType = 1;
			remoteGlobalIDString = 945651B21D89617C00617F48;
			remoteInfo = "Shake It";
		};
/* End PBXContainerItemProxy section */

/* Begin PBXFileReference section */
		945651B31D89617C00617F48 /* Shake It.app */ = {isa = PBXFileReference; explicitFileType = wrapper.application; includeInIndex = 0; path = "Shake It.app"; sourceTree = BUILT_PRODUCTS_DIR; };
		945651B61D89617D00617F48 /* AppDelegate.swift */ = {isa = PBXFileReference; lastKnownFileType = sourcecode.swift; path = AppDelegate.swift; sourceTree = "<group>"; };
		945651B81D89617D00617F48 /* ViewController.swift */ = {isa = PBXFileReference; lastKnownFileType = sourcecode.swift; path = ViewController.swift; sourceTree = "<group>"; };
		945651BB1D89617D00617F48 /* Base */ = {isa = PBXFileReference; lastKnownFileType = file.storyboard; name = Base; path = Base.lproj/Main.storyboard; sourceTree = "<group>"; };
		945651BD1D89617D00617F48 /* Assets.xcassets */ = {isa = PBXFileReference; lastKnownFileType = folder.assetcatalog; path = Assets.xcassets; sourceTree = "<group>"; };
		945651C01D89617D00617F48 /* Base */ = {isa = PBXFileReference; lastKnownFileType = file.storyboard; name = Base; path = Base.lproj/LaunchScreen.storyboard; sourceTree = "<group>"; };
		945651C21D89617D00617F48 /* Info.plist */ = {isa = PBXFileReference; lastKnownFileType = text.plist.xml; path = Info.plist; sourceTree = "<group>"; };
		945651C71D89617D00617F48 /* Shake ItTests.xctest */ = {isa = PBXFileReference; explicitFileType = wrapper.cfbundle; includeInIndex = 0; path = "Shake ItTests.xctest"; sourceTree = BUILT_PRODUCTS_DIR; };
		945651CB1D89617D00617F48 /* Shake_ItTests.swift */ = {isa = PBXFileReference; lastKnownFileType = sourcecode.swift; path = Shake_ItTests.swift; sourceTree = "<group>"; };
		945651CD1D89617D00617F48 /* Info.plist */ = {isa = PBXFileReference; lastKnownFileType = text.plist.xml; path = Info.plist; sourceTree = "<group>"; };
		945651D21D89617D00617F48 /* Shake ItUITests.xctest */ = {isa = PBXFileReference; explicitFileType = wrapper.cfbundle; includeInIndex = 0; path = "Shake ItUITests.xctest"; sourceTree = BUILT_PRODUCTS_DIR; };
		945651D61D89617D00617F48 /* Shake_ItUITests.swift */ = {isa = PBXFileReference; lastKnownFileType = sourcecode.swift; path = Shake_ItUITests.swift; sourceTree = "<group>"; };
		945651D81D89617D00617F48 /* Info.plist */ = {isa = PBXFileReference; lastKnownFileType = text.plist.xml; path = Info.plist; sourceTree = "<group>"; };
		945651E51D89723D00617F48 /* sound1.mp3 */ = {isa = PBXFileReference; lastKnownFileType = audio.mp3; path = sound1.mp3; sourceTree = "<group>"; };
		945651E61D89723D00617F48 /* sound2.mp3 */ = {isa = PBXFileReference; lastKnownFileType = audio.mp3; path = sound2.mp3; sourceTree = "<group>"; };
		945651E71D89723D00617F48 /* sound3.mp3 */ = {isa = PBXFileReference; lastKnownFileType = audio.mp3; path = sound3.mp3; sourceTree = "<group>"; };
		945651E81D89723D00617F48 /* sound4.mp3 */ = {isa = PBXFileReference; lastKnownFileType = audio.mp3; path = sound4.mp3; sourceTree = "<group>"; };
		945651E91D89723D00617F48 /* sound5.mp3 */ = {isa = PBXFileReference; lastKnownFileType = audio.mp3; path = sound5.mp3; sourceTree = "<group>"; };
		945651EA1D89723D00617F48 /* sound6.mp3 */ = {isa = PBXFileReference; lastKnownFileType = audio.mp3; path = sound6.mp3; sourceTree = "<group>"; };
		945651EB1D89723D00617F48 /* sound7.mp3 */ = {isa = PBXFileReference; lastKnownFileType = audio.mp3; path = sound7.mp3; sourceTree = "<group>"; };
/* End PBXFileReference section */

/* Begin PBXFrameworksBuildPhase section */
		945651B01D89617C00617F48 /* Frameworks */ = {
			isa = PBXFrameworksBuildPhase;
			buildActionMask = 2147483647;
			files = (
			);
			runOnlyForDeploymentPostprocessing = 0;
		};
		945651C41D89617D00617F48 /* Frameworks */ = {
			isa = PBXFrameworksBuildPhase;
			buildActionMask = 2147483647;
			files = (
			);
			runOnlyForDeploymentPostprocessing = 0;
		};
		945651CF1D89617D00617F48 /* Frameworks */ = {
			isa = PBXFrameworksBuildPhase;
			buildActionMask = 2147483647;
			files = (
			);
			runOnlyForDeploymentPostprocessing = 0;
		};
/* End PBXFrameworksBuildPhase section */

/* Begin PBXGroup section */
		945651AA1D89617C00617F48 = {
			isa = PBXGroup;
			children = (
				945651B51D89617D00617F48 /* Shake It */,
				945651CA1D89617D00617F48 /* Shake ItTests */,
				945651D51D89617D00617F48 /* Shake ItUITests */,
				945651B41D89617C00617F48 /* Products */,
			);
			sourceTree = "<group>";
		};
		945651B41D89617C00617F48 /* Products */ = {
			isa = PBXGroup;
			children = (
				945651B31D89617C00617F48 /* Shake It.app */,
				945651C71D89617D00617F48 /* Shake ItTests.xctest */,
				945651D21D89617D00617F48 /* Shake ItUITests.xctest */,
			);
			name = Products;
			sourceTree = "<group>";
		};
		945651B51D89617D00617F48 /* Shake It */ = {
			isa = PBXGroup;
			children = (
				945651B61D89617D00617F48 /* AppDelegate.swift */,
				945651B81D89617D00617F48 /* ViewController.swift */,
				945651BA1D89617D00617F48 /* Main.storyboard */,
				945651BD1D89617D00617F48 /* Assets.xcassets */,
				945651E41D89711900617F48 /* sounds */,
				945651BF1D89617D00617F48 /* LaunchScreen.storyboard */,
				945651C21D89617D00617F48 /* Info.plist */,
			);
			path = "Shake It";
			sourceTree = "<group>";
		};
		945651CA1D89617D00617F48 /* Shake ItTests */ = {
			isa = PBXGroup;
			children = (
				945651CB1D89617D00617F48 /* Shake_ItTests.swift */,
				945651CD1D89617D00617F48 /* Info.plist */,
			);
			path = "Shake ItTests";
			sourceTree = "<group>";
		};
		945651D51D89617D00617F48 /* Shake ItUITests */ = {
			isa = PBXGroup;
			children = (
				945651D61D89617D00617F48 /* Shake_ItUITests.swift */,
				945651D81D89617D00617F48 /* Info.plist */,
			);
			path = "Shake ItUITests";
			sourceTree = "<group>";
		};
		945651E41D89711900617F48 /* sounds */ = {
			isa = PBXGroup;
			children = (
				945651E51D89723D00617F48 /* sound1.mp3 */,
				945651E61D89723D00617F48 /* sound2.mp3 */,
				945651E71D89723D00617F48 /* sound3.mp3 */,
				945651E81D89723D00617F48 /* sound4.mp3 */,
				945651E91D89723D00617F48 /* sound5.mp3 */,
				945651EA1D89723D00617F48 /* sound6.mp3 */,
				945651EB1D89723D00617F48 /* sound7.mp3 */,
			);
			name = sounds;
			sourceTree = "<group>";
		};
/* End PBXGroup section */

/* Begin PBXNativeTarget section */
		945651B21D89617C00617F48 /* Shake It */ = {
			isa = PBXNativeTarget;
			buildConfigurationList = 945651DB1D89617D00617F48 /* Build configuration list for PBXNativeTarget "Shake It" */;
			buildPhases = (
				945651AF1D89617C00617F48 /* Sources */,
				945651B01D89617C00617F48 /* Frameworks */,
				945651B11D89617C00617F48 /* Resources */,
			);
			buildRules = (
			);
			dependencies = (
			);
			name = "Shake It";
			productName = "Shake It";
			productReference = 945651B31D89617C00617F48 /* Shake It.app */;
			productType = "com.apple.product-type.application";
		};
		945651C61D89617D00617F48 /* Shake ItTests */ = {
			isa = PBXNativeTarget;
			buildConfigurationList = 945651DE1D89617D00617F48 /* Build configuration list for PBXNativeTarget "Shake ItTests" */;
			buildPhases = (
				945651C31D89617D00617F48 /* Sources */,
				945651C41D89617D00617F48 /* Frameworks */,
				945651C51D89617D00617F48 /* Resources */,
			);
			buildRules = (
			);
			dependencies = (
				945651C91D89617D00617F48 /* PBXTargetDependency */,
			);
			name = "Shake ItTests";
			productName = "Shake ItTests";
			productReference = 945651C71D89617D00617F48 /* Shake ItTests.xctest */;
			productType = "com.apple.product-type.bundle.unit-test";
		};
		945651D11D89617D00617F48 /* Shake ItUITests */ = {
			isa = PBXNativeTarget;
			buildConfigurationList = 945651E11D89617D00617F48 /* Build configuration list for PBXNativeTarget "Shake ItUITests" */;
			buildPhases = (
				945651CE1D89617D00617F48 /* Sources */,
				945651CF1D89617D00617F48 /* Frameworks */,
				945651D01D89617D00617F48 /* Resources */,
			);
			buildRules = (
			);
			dependencies = (
				945651D41D89617D00617F48 /* PBXTargetDependency */,
			);
			name = "Shake ItUITests";
			productName = "Shake ItUITests";
			productReference = 945651D21D89617D00617F48 /* Shake ItUITests.xctest */;
			productType = "com.apple.product-type.bundle.ui-testing";
		};
/* End PBXNativeTarget section */

/* Begin PBXProject section */
		945651AB1D89617C00617F48 /* Project object */ = {
			isa = PBXProject;
			attributes = {
				LastSwiftUpdateCheck = 0730;
				LastUpgradeCheck = 0730;
				ORGANIZATIONNAME = SimpuMind;
				TargetAttributes = {
					945651B21D89617C00617F48 = {
						CreatedOnToolsVersion = 7.3.1;
						DevelopmentTeam = GDMX8HJT5A;
					};
					945651C61D89617D00617F48 = {
						CreatedOnToolsVersion = 7.3.1;
						DevelopmentTeam = GDMX8HJT5A;
						TestTargetID = 945651B21D89617C00617F48;
					};
					945651D11D89617D00617F48 = {
						CreatedOnToolsVersion = 7.3.1;
						DevelopmentTeam = GDMX8HJT5A;
						TestTargetID = 945651B21D89617C00617F48;
					};
				};
			};
			buildConfigurationList = 945651AE1D89617C00617F48 /* Build configuration list for PBXProject "Shake It" */;
			compatibilityVersion = "Xcode 3.2";
			developmentRegion = English;
			hasScannedForEncodings = 0;
			knownRegions = (
				en,
				Base,
			);
			mainGroup = 945651AA1D89617C00617F48;
			productRefGroup = 945651B41D89617C00617F48 /* Products */;
			projectDirPath = "";
			projectRoot = "";
			targets = (
				945651B21D89617C00617F48 /* Shake It */,
				945651C61D89617D00617F48 /* Shake ItTests */,
				945651D11D89617D00617F48 /* Shake ItUITests */,
			);
		};
/* End PBXProject section */

/* Begin PBXResourcesBuildPhase section */
		945651B11D89617C00617F48 /* Resources */ = {
			isa = PBXResourcesBuildPhase;
			buildActionMask = 2147483647;
			files = (
				945651F21D89723D00617F48 /* sound7.mp3 in Resources */,
				945651ED1D89723D00617F48 /* sound2.mp3 in Resources */,
				945651C11D89617D00617F48 /* LaunchScreen.storyboard in Resources */,
				945651BE1D89617D00617F48 /* Assets.xcassets in Resources */,
				945651EC1D89723D00617F48 /* sound1.mp3 in Resources */,
				945651EF1D89723D00617F48 /* sound4.mp3 in Resources */,
				945651EE1D89723D00617F48 /* sound3.mp3 in Resources */,
				945651F01D89723D00617F48 /* sound5.mp3 in Resources */,
				945651F11D89723D00617F48 /* sound6.mp3 in Resources */,
				945651BC1D89617D00617F48 /* Main.storyboard in Resources */,
			);
			runOnlyForDeploymentPostprocessing = 0;
		};
		945651C51D89617D00617F48 /* Resources */ = {
			isa = PBXResourcesBuildPhase;
			buildActionMask = 2147483647;
			files = (
			);
			runOnlyForDeploymentPostprocessing = 0;
		};
		945651D01D89617D00617F48 /* Resources */ = {
			isa = PBXResourcesBuildPhase;
			buildActionMask = 2147483647;
			files = (
			);
			runOnlyForDeploymentPostprocessing = 0;
		};
/* End PBXResourcesBuildPhase section */

/* Begin PBXSourcesBuildPhase section */
		945651AF1D89617C00617F48 /* Sources */ = {
			isa = PBXSourcesBuildPhase;
			buildActionMask = 2147483647;
			files = (
				945651B91D89617D00617F48 /* ViewController.swift in Sources */,
				945651B71D89617D00617F48 /* AppDelegate.swift in Sources */,
			);
			runOnlyForDeploymentPostprocessing = 0;
		};
		945651C31D89617D00617F48 /* Sources */ = {
			isa = PBXSourcesBuildPhase;
			buildActionMask = 2147483647;
			files = (
				945651CC1D89617D00617F48 /* Shake_ItTests.swift in Sources */,
			);
			runOnlyForDeploymentPostprocessing = 0;
		};
		945651CE1D89617D00617F48 /* Sources */ = {
			isa = PBXSourcesBuildPhase;
			buildActionMask = 2147483647;
			files = (
				945651D71D89617D00617F48 /* Shake_ItUITests.swift in Sources */,
			);
			runOnlyForDeploymentPostprocessing = 0;
		};
/* End PBXSourcesBuildPhase section */

/* Begin PBXTargetDependency section */
		945651C91D89617D00617F48 /* PBXTargetDependency */ = {
			isa = PBXTargetDependency;
			target = 945651B21D89617C00617F48 /* Shake It */;
			targetProxy = 945651C81D89617D00617F48 /* PBXContainerItemProxy */;
		};
		945651D41D89617D00617F48 /* PBXTargetDependency */ = {
			isa = PBXTargetDependency;
			target = 945651B21D89617C00617F48 /* Shake It */;
			targetProxy = 945651D31D89617D00617F48 /* PBXContainerItemProxy */;
		};
/* End PBXTargetDependency section */

/* Begin PBXVariantGroup section */
		945651BA1D89617D00617F48 /* Main.storyboard */ = {
			isa = PBXVariantGroup;
			children = (
				945651BB1D89617D00617F48 /* Base */,
			);
			name = Main.storyboard;
			sourceTree = "<group>";
		};
		945651BF1D89617D00617F48 /* LaunchScreen.storyboard */ = {
			isa = PBXVariantGroup;
			children = (
				945651C01D89617D00617F48 /* Base */,
			);
			name = LaunchScreen.storyboard;
			sourceTree = "<group>";
		};
/* End PBXVariantGroup section */

/* Begin XCBuildConfiguration section */
		945651D91D89617D00617F48 /* Debug */ = {
			isa = XCBuildConfiguration;
			buildSettings = {
				ALWAYS_SEARCH_USER_PATHS = NO;
				CLANG_ANALYZER_NONNULL = YES;
				CLANG_CXX_LANGUAGE_STANDARD = "gnu++0x";
				CLANG_CXX_LIBRARY = "libc++";
				CLANG_ENABLE_MODULES = YES;
				CLANG_ENABLE_OBJC_ARC = YES;
				CLANG_WARN_BOOL_CONVERSION = YES;
				CLANG_WARN_CONSTANT_CONVERSION = YES;
				CLANG_WARN_DIRECT_OBJC_ISA_USAGE = YES_ERROR;
				CLANG_WARN_EMPTY_BODY = YES;
				CLANG_WARN_ENUM_CONVERSION = YES;
				CLANG_WARN_INT_CONVERSION = YES;
				CLANG_WARN_OBJC_ROOT_CLASS = YES_ERROR;
				CLANG_WARN_UNREACHABLE_CODE = YES;
				CLANG_WARN__DUPLICATE_METHOD_MATCH = YES;
				"CODE_SIGN_IDENTITY[sdk=iphoneos*]" = "iPhone Developer";
				COPY_PHASE_STRIP = NO;
				DEBUG_INFORMATION_FORMAT = dwarf;
				ENABLE_STRICT_OBJC_MSGSEND = YES;
				ENABLE_TESTABILITY = YES;
				GCC_C_LANGUAGE_STANDARD = gnu99;
				GCC_DYNAMIC_NO_PIC = NO;
				GCC_NO_COMMON_BLOCKS = YES;
				GCC_OPTIMIZATION_LEVEL = 0;
				GCC_PREPROCESSOR_DEFINITIONS = (
					"DEBUG=1",
					"$(inherited)",
				);
				GCC_WARN_64_TO_32_BIT_CONVERSION = YES;
				GCC_WARN_ABOUT_RETURN_TYPE = YES_ERROR;
				GCC_WARN_UNDECLARED_SELECTOR = YES;
				GCC_WARN_UNINITIALIZED_AUTOS = YES_AGGRESSIVE;
				GCC_WARN_UNUSED_FUNCTION = YES;
				GCC_WARN_UNUSED_VARIABLE = YES;
				IPHONEOS_DEPLOYMENT_TARGET = 9.3;
				MTL_ENABLE_DEBUG_INFO = YES;
				ONLY_ACTIVE_ARCH = YES;
				SDKROOT = iphoneos;
				SWIFT_OPTIMIZATION_LEVEL = "-Onone";
			};
			name = Debug;
		};
		945651DA1D89617D00617F48 /* Release */ = {
			isa = XCBuildConfiguration;
			buildSettings = {
				ALWAYS_SEARCH_USER_PATHS = NO;
				CLANG_ANALYZER_NONNULL = YES;
				CLANG_CXX_LANGUAGE_STANDARD = "gnu++0x";
				CLANG_CXX_LIBRARY = "libc++";
				CLANG_ENABLE_MODULES = YES;
				CLANG_ENABLE_OBJC_ARC = YES;
				CLANG_WARN_BOOL_CONVERSION = YES;
				CLANG_WARN_CONSTANT_CONVERSION = YES;
				CLANG_WARN_DIRECT_OBJC_ISA_USAGE = YES_ERROR;
				CLANG_WARN_EMPTY_BODY = YES;
				CLANG_WARN_ENUM_CONVERSION = YES;
				CLANG_WARN_INT_CONVERSION = YES;
				CLANG_WARN_OBJC_ROOT_CLASS = YES_ERROR;
				CLANG_WARN_UNREACHABLE_CODE = YES;
				CLANG_WARN__DUPLICATE_METHOD_MATCH = YES;
				"CODE_SIGN_IDENTITY[sdk=iphoneos*]" = "iPhone Developer";
				COPY_PHASE_STRIP = NO;
				DEBUG_INFORMATION_FORMAT = "dwarf-with-dsym";
				ENABLE_NS_ASSERTIONS = NO;
				ENABLE_STRICT_OBJC_MSGSEND = YES;
				GCC_C_LANGUAGE_STANDARD = gnu99;
				GCC_NO_COMMON_BLOCKS = YES;
				GCC_WARN_64_TO_32_BIT_CONVERSION = YES;
				GCC_WARN_ABOUT_RETURN_TYPE = YES_ERROR;
				GCC_WARN_UNDECLARED_SELECTOR = YES;
				GCC_WARN_UNINITIALIZED_AUTOS = YES_AGGRESSIVE;
				GCC_WARN_UNUSED_FUNCTION = YES;
				GCC_WARN_UNUSED_VARIABLE = YES;
				IPHONEOS_DEPLOYMENT_TARGET = 9.3;
				MTL_ENABLE_DEBUG_INFO = NO;
				SDKROOT = iphoneos;
				VALIDATE_PRODUCT = YES;
			};
			name = Release;
		};
		945651DC1D89617D00617F48 /* Debug */ = {
			isa = XCBuildConfiguration;
			buildSettings = {
				ASSETCATALOG_COMPILER_APPICON_NAME = AppIcon;
				INFOPLIST_FILE = "Shake It/Info.plist";
				LD_RUNPATH_SEARCH_PATHS = "$(inherited) @executable_path/Frameworks";
				PRODUCT_BUNDLE_IDENTIFIER = "com.simpumind.Shake-It";
				PRODUCT_NAME = "$(TARGET_NAME)";
			};
			name = Debug;
		};
		945651DD1D89617D00617F48 /* Release */ = {
			isa = XCBuildConfiguration;
			buildSettings = {
				ASSETCATALOG_COMPILER_APPICON_NAME = AppIcon;
				INFOPLIST_FILE = "Shake It/Info.plist";
				LD_RUNPATH_SEARCH_PATHS = "$(inherited) @executable_path/Frameworks";
				PRODUCT_BUNDLE_IDENTIFIER = "com.simpumind.Shake-It";
				PRODUCT_NAME = "$(TARGET_NAME)";
			};
			name = Release;
		};
		945651DF1D89617D00617F48 /* Debug */ = {
			isa = XCBuildConfiguration;
			buildSettings = {
				BUNDLE_LOADER = "$(TEST_HOST)";
				INFOPLIST_FILE = "Shake ItTests/Info.plist";
				LD_RUNPATH_SEARCH_PATHS = "$(inherited) @executable_path/Frameworks @loader_path/Frameworks";
				PRODUCT_BUNDLE_IDENTIFIER = "com.simpumind.Shake-ItTests";
				PRODUCT_NAME = "$(TARGET_NAME)";
				TEST_HOST = "$(BUILT_PRODUCTS_DIR)/Shake It.app/Shake It";
			};
			name = Debug;
		};
		945651E01D89617D00617F48 /* Release */ = {
			isa = XCBuildConfiguration;
			buildSettings = {
				BUNDLE_LOADER = "$(TEST_HOST)";
				INFOPLIST_FILE = "Shake ItTests/Info.plist";
				LD_RUNPATH_SEARCH_PATHS = "$(inherited) @executable_path/Frameworks @loader_path/Frameworks";
				PRODUCT_BUNDLE_IDENTIFIER = "com.simpumind.Shake-ItTests";
				PRODUCT_NAME = "$(TARGET_NAME)";
				TEST_HOST = "$(BUILT_PRODUCTS_DIR)/Shake It.app/Shake It";
			};
			name = Release;
		};
		945651E21D89617D00617F48 /* Debug */ = {
			isa = XCBuildConfiguration;
			buildSettings = {
				INFOPLIST_FILE = "Shake ItUITests/Info.plist";
				LD_RUNPATH_SEARCH_PATHS = "$(inherited) @executable_path/Frameworks @loader_path/Frameworks";
				PRODUCT_BUNDLE_IDENTIFIER = "com.simpumind.Shake-ItUITests";
				PRODUCT_NAME = "$(TARGET_NAME)";
				TEST_TARGET_NAME = "Shake It";
			};
			name = Debug;
		};
		945651E31D89617D00617F48 /* Release */ = {
			isa = XCBuildConfiguration;
			buildSettings = {
				INFOPLIST_FILE = "Shake ItUITests/Info.plist";
				LD_RUNPATH_SEARCH_PATHS = "$(inherited) @executable_path/Frameworks @loader_path/Frameworks";
				PRODUCT_BUNDLE_IDENTIFIER = "com.simpumind.Shake-ItUITests";
				PRODUCT_NAME = "$(TARGET_NAME)";
				TEST_TARGET_NAME = "Shake It";
			};
			name = Release;
		};
/* End XCBuildConfiguration section */

/* Begin XCConfigurationList section */
		945651AE1D89617C00617F48 /* Build configuration list for PBXProject "Shake It" */ = {
			isa = XCConfigurationList;
			buildConfigurations = (
				945651D91D89617D00617F48 /* Debug */,
				945651DA1D89617D00617F48 /* Release */,
			);
			defaultConfigurationIsVisible = 0;
			defaultConfigurationName = Release;
		};
		945651DB1D89617D00617F48 /* Build configuration list for PBXNativeTarget "Shake It" */ = {
			isa = XCConfigurationList;
			buildConfigurations = (
				945651DC1D89617D00617F48 /* Debug */,
				945651DD1D89617D00617F48 /* Release */,
			);
			defaultConfigurationIsVisible = 0;
		};
		945651DE1D89617D00617F48 /* Build configuration list for PBXNativeTarget "Shake ItTests" */ = {
			isa = XCConfigurationList;
			buildConfigurations = (
				945651DF1D89617D00617F48 /* Debug */,
				945651E01D89617D00617F48 /* Release */,
			);
			defaultConfigurationIsVisible = 0;
		};
		945651E11D89617D00617F48 /* Build configuration list for PBXNativeTarget "Shake ItUITests" */ = {
			isa = XCConfigurationList;
			buildConfigurations = (
				945651E21D89617D00617F48 /* Debug */,
				945651E31D89617D00617F48 /* Release */,
			);
			defaultConfigurationIsVisible = 0;
		};
/* End XCConfigurationList section */
	};
	rootObject = 945651AB1D89617C00617F48 /* Project object */;
}
